
Microsoft Visual Studio Solution File, Format Version 12.00
# Visual Studio Version 16
VisualStudioVersion = 16.0.30717.126
MinimumVisualStudioVersion = 10.0.40219.1
Project("{FAE04EC0-301F-11D3-BF4B-00C04F79EFBC}") = "MU0QK3", "MU0QK3\MU0QK3.csproj", "{CEE00C7A-2930-4ECB-96F8-5A85C9F485D3}"
EndProject
Global
	GlobalSection(SolutionConfigurationPlatforms) = preSolution
		Debug|Any CPU = Debug|Any CPU
		Release|Any CPU = Release|Any CPU
	EndGlobalSection
	GlobalSection(ProjectConfigurationPlatforms) = postSolution
		{CEE00C7A-2930-4ECB-96F8-5A85C9F485D3}.Debug|Any CPU.ActiveCfg = Debug|Any CPU
		{CEE00C7A-2930-4ECB-96F8-5A85C9F485D3}.Debug|Any CPU.Build.0 = Debug|Any CPU
		{CEE00C7A-2930-4ECB-96F8-5A85C9F485D3}.Release|Any CPU.ActiveCfg = Release|Any CPU
		{CEE00C7A-2930-4ECB-96F8-5A85C9F485D3}.Release|Any CPU.Build.0 = Release|Any CPU
	EndGlobalSection
	GlobalSection(SolutionProperties) = preSolution
		HideSolutionNode = FALSE
	EndGlobalSection
	GlobalSection(ExtensibilityGlobals) = postSolution
		SolutionGuid = {63871213-500B-41B6-9137-2E5CE5EE7834}
	EndGlobalSection
EndGlobal
